PODS:
  - biometric_storage (0.0.1):
    - FlutterMacOS
  - connectivity_plus (0.0.1):
    - FlutterMacOS
    - ReachabilitySwift
  - cryptography_flutter (0.2.0):
    - FlutterMacOS
  - desktop_drop (0.0.1):
    - FlutterMacOS
  - device_info_plus (0.0.1):
    - FlutterMacOS
  - flutter_secure_storage_macos (6.1.1):
    - FlutterMacOS
  - FlutterMacOS (1.0.0)
  - mobile_scanner (3.5.6):
    - FlutterMacOS
  - network_info_plus (0.0.1):
    - FlutterMacOS
  - ouisync (0.0.1):
    - FlutterMacOS
  - package_info_plus (0.0.1):
    - FlutterMacOS
  - path_provider_foundation (0.0.1):
    - Flutter
    - FlutterMacOS
  - ReachabilitySwift (5.2.3)
  - screen_retriever (0.0.1):
    - FlutterMacOS
  - Sentry/HybridSDK (8.29.0)
  - sentry_flutter (8.3.0):
    - Flutter
    - FlutterMacOS
    - Sentry/HybridSDK (= 8.29.0)
  - share_plus (0.0.1):
    - FlutterMacOS
  - shared_preferences_foundation (0.0.1):
    - Flutter
    - FlutterMacOS
  - system_tray (0.0.1):
    - FlutterMacOS
  - url_launcher_macos (0.0.1):
    - FlutterMacOS
  - window_manager (0.2.0):
    - FlutterMacOS

DEPENDENCIES:
  - biometric_storage (from `Flutter/ephemeral/.symlinks/plugins/biometric_storage/macos`)
  - connectivity_plus (from `Flutter/ephemeral/.symlinks/plugins/connectivity_plus/macos`)
  - cryptography_flutter (from `Flutter/ephemeral/.symlinks/plugins/cryptography_flutter/macos`)
  - desktop_drop (from `Flutter/ephemeral/.symlinks/plugins/desktop_drop/macos`)
  - device_info_plus (from `Flutter/ephemeral/.symlinks/plugins/device_info_plus/macos`)
  - flutter_secure_storage_macos (from `Flutter/ephemeral/.symlinks/plugins/flutter_secure_storage_macos/macos`)
  - FlutterMacOS (from `Flutter/ephemeral`)
  - mobile_scanner (from `Flutter/ephemeral/.symlinks/plugins/mobile_scanner/macos`)
  - network_info_plus (from `Flutter/ephemeral/.symlinks/plugins/network_info_plus/macos`)
  - ouisync (from `Flutter/ephemeral/.symlinks/plugins/ouisync/macos`)
  - package_info_plus (from `Flutter/ephemeral/.symlinks/plugins/package_info_plus/macos`)
  - path_provider_foundation (from `Flutter/ephemeral/.symlinks/plugins/path_provider_foundation/darwin`)
  - screen_retriever (from `Flutter/ephemeral/.symlinks/plugins/screen_retriever/macos`)
  - sentry_flutter (from `Flutter/ephemeral/.symlinks/plugins/sentry_flutter/macos`)
  - share_plus (from `Flutter/ephemeral/.symlinks/plugins/share_plus/macos`)
  - shared_preferences_foundation (from `Flutter/ephemeral/.symlinks/plugins/shared_preferences_foundation/darwin`)
  - system_tray (from `Flutter/ephemeral/.symlinks/plugins/system_tray/macos`)
  - url_launcher_macos (from `Flutter/ephemeral/.symlinks/plugins/url_launcher_macos/macos`)
  - window_manager (from `Flutter/ephemeral/.symlinks/plugins/window_manager/macos`)

SPEC REPOS:
  trunk:
    - ReachabilitySwift
    - Sentry

EXTERNAL SOURCES:
  biometric_storage:
    :path: Flutter/ephemeral/.symlinks/plugins/biometric_storage/macos
  connectivity_plus:
    :path: Flutter/ephemeral/.symlinks/plugins/connectivity_plus/macos
  cryptography_flutter:
    :path: Flutter/ephemeral/.symlinks/plugins/cryptography_flutter/macos
  desktop_drop:
    :path: Flutter/ephemeral/.symlinks/plugins/desktop_drop/macos
  device_info_plus:
    :path: Flutter/ephemeral/.symlinks/plugins/device_info_plus/macos
  flutter_secure_storage_macos:
    :path: Flutter/ephemeral/.symlinks/plugins/flutter_secure_storage_macos/macos
  FlutterMacOS:
    :path: Flutter/ephemeral
  mobile_scanner:
    :path: Flutter/ephemeral/.symlinks/plugins/mobile_scanner/macos
  network_info_plus:
    :path: Flutter/ephemeral/.symlinks/plugins/network_info_plus/macos
  ouisync:
    :path: Flutter/ephemeral/.symlinks/plugins/ouisync/macos
  package_info_plus:
    :path: Flutter/ephemeral/.symlinks/plugins/package_info_plus/macos
  path_provider_foundation:
    :path: Flutter/ephemeral/.symlinks/plugins/path_provider_foundation/darwin
  screen_retriever:
    :path: Flutter/ephemeral/.symlinks/plugins/screen_retriever/macos
  sentry_flutter:
    :path: Flutter/ephemeral/.symlinks/plugins/sentry_flutter/macos
  share_plus:
    :path: Flutter/ephemeral/.symlinks/plugins/share_plus/macos
  shared_preferences_foundation:
    :path: Flutter/ephemeral/.symlinks/plugins/shared_preferences_foundation/darwin
  system_tray:
    :path: Flutter/ephemeral/.symlinks/plugins/system_tray/macos
  url_launcher_macos:
    :path: Flutter/ephemeral/.symlinks/plugins/url_launcher_macos/macos
  window_manager:
    :path: Flutter/ephemeral/.symlinks/plugins/window_manager/macos

SPEC CHECKSUMS:
  biometric_storage: 43caa6e7ef00e8e19c074216e7e1786dacda9e76
  connectivity_plus: 18d3c32514c886e046de60e9c13895109866c747
  cryptography_flutter: c9fa581b52e6fe19475432b6f44489c387f61e19
  desktop_drop: 69eeff437544aa619c8db7f4481b3a65f7696898
  device_info_plus: 5401765fde0b8d062a2f8eb65510fb17e77cf07f
  flutter_secure_storage_macos: d56e2d218c1130b262bef8b4a7d64f88d7f9c9ea
  FlutterMacOS: 8f6f14fa908a6fb3fba0cd85dbd81ec4b251fb24
  mobile_scanner: 54ceceae0c8da2457e26a362a6be5c61154b1829
  network_info_plus: aeb9c4ed699cae128bc94b9d0f04f2389a414cbb
  ouisync: 65b554a7cdfae5859ac781e310eacc2e9211f930
  package_info_plus: 02d7a575e80f194102bef286361c6c326e4c29ce
  path_provider_foundation: 3784922295ac71e43754bd15e0653ccfd36a147c
  ReachabilitySwift: 7f151ff156cea1481a8411701195ac6a984f4979
  screen_retriever: 59634572a57080243dd1bf715e55b6c54f241a38
  Sentry: 016de45ee5ce5fca2a829996f1bfafeb5e62e8b4
  sentry_flutter: 5fb57c5b7e6427a9dc1fedde4269eb65823982d4
  share_plus: 76dd39142738f7a68dd57b05093b5e8193f220f7
  shared_preferences_foundation: b4c3b4cddf1c21f02770737f147a3f5da9d39695
  system_tray: e53c972838c69589ff2e77d6d3abfd71332f9e5d
  url_launcher_macos: d2691c7dd33ed713bf3544850a623080ec693d95
  window_manager: 3a1844359a6295ab1e47659b1a777e36773cd6e8

PODFILE CHECKSUM: 236401fc2c932af29a9fcf0e97baeeb2d750d367

COCOAPODS: 1.15.2
