PODS:
  - biometric_storage (0.0.1):
    - FlutterMacOS
  - FlutterMacOS (1.0.0)
  - ouisync (0.0.1):
    - Flutter
    - FlutterMacOS
  - screen_retriever_macos (0.0.1):
    - FlutterMacOS
  - system_tray (0.0.1):
    - FlutterMacOS

DEPENDENCIES:
  - biometric_storage (from `Flutter/ephemeral/.symlinks/plugins/biometric_storage/macos`)
  - FlutterMacOS (from `Flutter/ephemeral`)
  - ouisync (from `Flutter/ephemeral/.symlinks/plugins/ouisync/darwin`)
  - screen_retriever_macos (from `Flutter/ephemeral/.symlinks/plugins/screen_retriever_macos/macos`)
  - system_tray (from `Flutter/ephemeral/.symlinks/plugins/system_tray/macos`)

EXTERNAL SOURCES:
  biometric_storage:
    :path: Flutter/ephemeral/.symlinks/plugins/biometric_storage/macos
  FlutterMacOS:
    :path: Flutter/ephemeral
  ouisync:
    :path: Flutter/ephemeral/.symlinks/plugins/ouisync/darwin
  screen_retriever_macos:
    :path: Flutter/ephemeral/.symlinks/plugins/screen_retriever_macos/macos
  system_tray:
    :path: Flutter/ephemeral/.symlinks/plugins/system_tray/macos

SPEC CHECKSUMS:
  biometric_storage: 9de0cb4e591e52329ca0da7df42e964db6c526cf
  FlutterMacOS: d0db08ddef1a9af05a5ec4b724367152bb0500b1
  ouisync: 7045743463fa7bdcebaeaabc11310c284298903b
  screen_retriever_macos: 452e51764a9e1cdb74b3c541238795849f21557f
  system_tray: 53f0cdb020c3fbee711d3fe45ae7ce730e033d2b

PODFILE CHECKSUM: 9ebaf0ce3d369aaa26a9ea0e159195ed94724cf3

COCOAPODS: 1.16.2
