{
  "originHash" : "257491d5e6bf68d45423b9f18fd2bad1874ddd6eb700e9f7f33df468184c9f45",
  "pins" : [
    {
      "identity" : "messagepack.swift",
      "kind" : "remoteSourceControl",
      "location" : "https://github.com/a2/MessagePack.swift.git",
      "state" : {
        "revision" : "27b35fd49e92fcae395bf8ccb233499d89cc7890",
        "version" : "4.0.0"
      }
    }
  ],
  "version" : 3
}
